
Microsoft Visual Studio Solution File, Format Version 12.00
# Visual Studio 15
VisualStudioVersion = 15.0.28307.1145
MinimumVisualStudioVersion = 10.0.40219.1
Project("{FAE04EC0-301F-11D3-BF4B-00C04F79EFBC}") = "FizzBuzz", "FizzBuzz\FizzBuzz.csproj", "{C3F364A7-1B4C-4119-B4BD-531286AAB8B3}"
EndProject
Global
	GlobalSection(SolutionConfigurationPlatforms) = preSolution
		Debug|Any CPU = Debug|Any CPU
		Release|Any CPU = Release|Any CPU
	EndGlobalSection
	GlobalSection(ProjectConfigurationPlatforms) = postSolution
		{C3F364A7-1B4C-4119-B4BD-531286AAB8B3}.Debug|Any CPU.ActiveCfg = Debug|Any CPU
		{C3F364A7-1B4C-4119-B4BD-531286AAB8B3}.Debug|Any CPU.Build.0 = Debug|Any CPU
		{C3F364A7-1B4C-4119-B4BD-531286AAB8B3}.Release|Any CPU.ActiveCfg = Release|Any CPU
		{C3F364A7-1B4C-4119-B4BD-531286AAB8B3}.Release|Any CPU.Build.0 = Release|Any CPU
	EndGlobalSection
	GlobalSection(SolutionProperties) = preSolution
		HideSolutionNode = FALSE
	EndGlobalSection
	GlobalSection(ExtensibilityGlobals) = postSolution
		SolutionGuid = {92B10F5C-5D5C-4D28-B2D6-ED147A4E3C91}
	EndGlobalSection
EndGlobal
